schema-version = 2
project-vendor = "Bottlerocket"

[sdk]
name = "bottlerocket-sdk"
version = "0.64.0"
vendor = "bottlerocket"
source = "public.ecr.aws/bottlerocket/bottlerocket-sdk:v0.64.0"
digest = "kRW2MsSo3jA+rAEO/Mp5gW8Q4/pd62bbB/lT4d5Jzak="

[[kit]]
name = "bottlerocket-kernel-kit"
version = "4.2.0"
vendor = "bottlerocket"
source = "public.ecr.aws/bottlerocket/bottlerocket-kernel-kit:v4.2.0"
digest = "hl4lWZ9WFncH72ZaZ06WOu0yg5dL1Y8/VzWwaOjJu8g="

[[kit]]
name = "bottlerocket-core-kit"
version = "10.3.0"
vendor = "playground-ecr"
source = "182528780338.dkr.ecr.ap-south-1.amazonaws.com/bottlerocket-core-kit:v10.3.0"
digest = "WqO6+pGhuy/I3+Ykeztqsy1qOARL6er+yl5QY6URF6I="
